
Microsoft Visual Studio Solution File, Format Version 12.00
# Visual Studio 15
VisualStudioVersion = 15.0.28010.2048
MinimumVisualStudioVersion = 10.0.40219.1
Project("{FAE04EC0-301F-11D3-BF4B-00C04F79EFBC}") = "QPEAnalysis_V1", "QPEAnalysis_V1\QPEAnalysis_V1.csproj", "{F807C868-22F1-4928-B8A6-7E893B87A568}"
EndProject
Global
	GlobalSection(SolutionConfigurationPlatforms) = preSolution
		Debug|Any CPU = Debug|Any CPU
		Release|Any CPU = Release|Any CPU
	EndGlobalSection
	GlobalSection(ProjectConfigurationPlatforms) = postSolution
		{F807C868-22F1-4928-B8A6-7E893B87A568}.Debug|Any CPU.ActiveCfg = Debug|Any CPU
		{F807C868-22F1-4928-B8A6-7E893B87A568}.Debug|Any CPU.Build.0 = Debug|Any CPU
		{F807C868-22F1-4928-B8A6-7E893B87A568}.Release|Any CPU.ActiveCfg = Release|Any CPU
		{F807C868-22F1-4928-B8A6-7E893B87A568}.Release|Any CPU.Build.0 = Release|Any CPU
	EndGlobalSection
	GlobalSection(SolutionProperties) = preSolution
		HideSolutionNode = FALSE
	EndGlobalSection
	GlobalSection(ExtensibilityGlobals) = postSolution
		SolutionGuid = {503DD0FC-D1F0-4835-91AB-6B4968D007D3}
	EndGlobalSection
EndGlobal
